// !$*UTF8*$!
{
	archiveVersion = 1;
	classes = {
	};
	objectVersion = 56;
	objects = {

/* Begin PBXBuildFile section */
		250A73852A8E157700B5CD86 /* TitleTableViewCell.swift in Sources */ = {isa = PBXBuildFile; fileRef = 250A73842A8E157700B5CD86 /* TitleTableViewCell.swift */; };
		250A73872A8E180F00B5CD86 /* TitleViewModel.swift in Sources */ = {isa = PBXBuildFile; fileRef = 250A73862A8E180F00B5CD86 /* TitleViewModel.swift */; };
		250A738B2A8E423600B5CD86 /* SearchResultsViewController.swift in Sources */ = {isa = PBXBuildFile; fileRef = 250A738A2A8E423600B5CD86 /* SearchResultsViewController.swift */; };
		250A738D2A907CC800B5CD86 /* TitlePreviewViewController.swift in Sources */ = {isa = PBXBuildFile; fileRef = 250A738C2A907CC800B5CD86 /* TitlePreviewViewController.swift */; };
		250A738F2A907F9C00B5CD86 /* YoutubeSearchResponse.swift in Sources */ = {isa = PBXBuildFile; fileRef = 250A738E2A907F9C00B5CD86 /* YoutubeSearchResponse.swift */; };
		250A73912A908CDF00B5CD86 /* Extensions.swift in Sources */ = {isa = PBXBuildFile; fileRef = 250A73902A908CDF00B5CD86 /* Extensions.swift */; };
		250A73932A908E7200B5CD86 /* TitlePreviewViewModel.swift in Sources */ = {isa = PBXBuildFile; fileRef = 250A73922A908E7200B5CD86 /* TitlePreviewViewModel.swift */; };
		250AE47B2A814776001D4E7A /* CollectionViewTableViewCell.swift in Sources */ = {isa = PBXBuildFile; fileRef = 250AE47A2A814776001D4E7A /* CollectionViewTableViewCell.swift */; };
		252ED9ED2A781B78006656B2 /* AppDelegate.swift in Sources */ = {isa = PBXBuildFile; fileRef = 252ED9EC2A781B78006656B2 /* AppDelegate.swift */; };
		252ED9EF2A781B78006656B2 /* SceneDelegate.swift in Sources */ = {isa = PBXBuildFile; fileRef = 252ED9EE2A781B78006656B2 /* SceneDelegate.swift */; };
		252ED9F12A781B78006656B2 /* MainTabBarViewController.swift in Sources */ = {isa = PBXBuildFile; fileRef = 252ED9F02A781B78006656B2 /* MainTabBarViewController.swift */; };
		252ED9F62A781B7A006656B2 /* Assets.xcassets in Resources */ = {isa = PBXBuildFile; fileRef = 252ED9F52A781B7A006656B2 /* Assets.xcassets */; };
		252ED9F92A781B7A006656B2 /* LaunchScreen.storyboard in Resources */ = {isa = PBXBuildFile; fileRef = 252ED9F72A781B7A006656B2 /* LaunchScreen.storyboard */; };
		252EDA022A7821E6006656B2 /* HomeViewController.swift in Sources */ = {isa = PBXBuildFile; fileRef = 252EDA012A7821E6006656B2 /* HomeViewController.swift */; };
		252EDA042A7821FE006656B2 /* UpcomingViewController.swift in Sources */ = {isa = PBXBuildFile; fileRef = 252EDA032A7821FE006656B2 /* UpcomingViewController.swift */; };
		252EDA062A78221D006656B2 /* SearchViewController.swift in Sources */ = {isa = PBXBuildFile; fileRef = 252EDA052A78221D006656B2 /* SearchViewController.swift */; };
		252EDA082A782235006656B2 /* DownloadsViewController.swift in Sources */ = {isa = PBXBuildFile; fileRef = 252EDA072A782235006656B2 /* DownloadsViewController.swift */; };
		2541828B2A8CDEEB00FFD1F4 /* SDWebImage in Frameworks */ = {isa = PBXBuildFile; productRef = 2541828A2A8CDEEB00FFD1F4 /* SDWebImage */; };
		2541828D2A8CDEEB00FFD1F4 /* SDWebImageMapKit in Frameworks */ = {isa = PBXBuildFile; productRef = 2541828C2A8CDEEB00FFD1F4 /* SDWebImageMapKit */; };
		2541828F2A8CDFDF00FFD1F4 /* TitleCollectionViewCell.swift in Sources */ = {isa = PBXBuildFile; fileRef = 2541828E2A8CDFDF00FFD1F4 /* TitleCollectionViewCell.swift */; };
		257619742A89267600547916 /* HeroHeaderView.swift in Sources */ = {isa = PBXBuildFile; fileRef = 257619732A89267600547916 /* HeroHeaderView.swift */; };
		257619762A8A2BF400547916 /* APICaller.swift in Sources */ = {isa = PBXBuildFile; fileRef = 257619752A8A2BF400547916 /* APICaller.swift */; };
		257619782A8A3F0500547916 /* Title.swift in Sources */ = {isa = PBXBuildFile; fileRef = 257619772A8A3F0500547916 /* Title.swift */; };
		259210B62A931F7C00B12BC8 /* NetflixDownloadModel.xcdatamodeld in Sources */ = {isa = PBXBuildFile; fileRef = 259210B42A931F7C00B12BC8 /* NetflixDownloadModel.xcdatamodeld */; };
		259210B82A932F3100B12BC8 /* DataPersistenceManager.swift in Sources */ = {isa = PBXBuildFile; fileRef = 259210B72A932F3100B12BC8 /* DataPersistenceManager.swift */; };
/* End PBXBuildFile section */

/* Begin PBXFileReference section */
		250A73842A8E157700B5CD86 /* TitleTableViewCell.swift */ = {isa = PBXFileReference; lastKnownFileType = sourcecode.swift; path = TitleTableViewCell.swift; sourceTree = "<group>"; };
		250A73862A8E180F00B5CD86 /* TitleViewModel.swift */ = {isa = PBXFileReference; lastKnownFileType = sourcecode.swift; path = TitleViewModel.swift; sourceTree = "<group>"; };
		250A738A2A8E423600B5CD86 /* SearchResultsViewController.swift */ = {isa = PBXFileReference; lastKnownFileType = sourcecode.swift; path = SearchResultsViewController.swift; sourceTree = "<group>"; };
		250A738C2A907CC800B5CD86 /* TitlePreviewViewController.swift */ = {isa = PBXFileReference; lastKnownFileType = sourcecode.swift; path = TitlePreviewViewController.swift; sourceTree = "<group>"; };
		250A738E2A907F9C00B5CD86 /* YoutubeSearchResponse.swift */ = {isa = PBXFileReference; lastKnownFileType = sourcecode.swift; path = YoutubeSearchResponse.swift; sourceTree = "<group>"; };
		250A73902A908CDF00B5CD86 /* Extensions.swift */ = {isa = PBXFileReference; lastKnownFileType = sourcecode.swift; path = Extensions.swift; sourceTree = "<group>"; };
		250A73922A908E7200B5CD86 /* TitlePreviewViewModel.swift */ = {isa = PBXFileReference; lastKnownFileType = sourcecode.swift; path = TitlePreviewViewModel.swift; sourceTree = "<group>"; };
		250AE47A2A814776001D4E7A /* CollectionViewTableViewCell.swift */ = {isa = PBXFileReference; lastKnownFileType = sourcecode.swift; path = CollectionViewTableViewCell.swift; sourceTree = "<group>"; };
		252ED9E92A781B78006656B2 /* Netflix_dj.app */ = {isa = PBXFileReference; explicitFileType = wrapper.application; includeInIndex = 0; path = Netflix_dj.app; sourceTree = BUILT_PRODUCTS_DIR; };
		252ED9EC2A781B78006656B2 /* AppDelegate.swift */ = {isa = PBXFileReference; lastKnownFileType = sourcecode.swift; path = AppDelegate.swift; sourceTree = "<group>"; };
		252ED9EE2A781B78006656B2 /* SceneDelegate.swift */ = {isa = PBXFileReference; lastKnownFileType = sourcecode.swift; path = SceneDelegate.swift; sourceTree = "<group>"; };
		252ED9F02A781B78006656B2 /* MainTabBarViewController.swift */ = {isa = PBXFileReference; lastKnownFileType = sourcecode.swift; path = MainTabBarViewController.swift; sourceTree = "<group>"; };
		252ED9F52A781B7A006656B2 /* Assets.xcassets */ = {isa = PBXFileReference; lastKnownFileType = folder.assetcatalog; path = Assets.xcassets; sourceTree = "<group>"; };
		252ED9F82A781B7A006656B2 /* Base */ = {isa = PBXFileReference; lastKnownFileType = file.storyboard; name = Base; path = Base.lproj/LaunchScreen.storyboard; sourceTree = "<group>"; };
		252ED9FA2A781B7A006656B2 /* Info.plist */ = {isa = PBXFileReference; lastKnownFileType = text.plist.xml; path = Info.plist; sourceTree = "<group>"; };
		252EDA012A7821E6006656B2 /* HomeViewController.swift */ = {isa = PBXFileReference; lastKnownFileType = sourcecode.swift; path = HomeViewController.swift; sourceTree = "<group>"; };
		252EDA032A7821FE006656B2 /* UpcomingViewController.swift */ = {isa = PBXFileReference; lastKnownFileType = sourcecode.swift; path = UpcomingViewController.swift; sourceTree = "<group>"; };
		252EDA052A78221D006656B2 /* SearchViewController.swift */ = {isa = PBXFileReference; lastKnownFileType = sourcecode.swift; path = SearchViewController.swift; sourceTree = "<group>"; };
		252EDA072A782235006656B2 /* DownloadsViewController.swift */ = {isa = PBXFileReference; lastKnownFileType = sourcecode.swift; path = DownloadsViewController.swift; sourceTree = "<group>"; };
		2541828E2A8CDFDF00FFD1F4 /* TitleCollectionViewCell.swift */ = {isa = PBXFileReference; lastKnownFileType = sourcecode.swift; path = TitleCollectionViewCell.swift; sourceTree = "<group>"; };
		257619732A89267600547916 /* HeroHeaderView.swift */ = {isa = PBXFileReference; lastKnownFileType = sourcecode.swift; path = HeroHeaderView.swift; sourceTree = "<group>"; };
		257619752A8A2BF400547916 /* APICaller.swift */ = {isa = PBXFileReference; lastKnownFileType = sourcecode.swift; path = APICaller.swift; sourceTree = "<group>"; };
		257619772A8A3F0500547916 /* Title.swift */ = {isa = PBXFileReference; lastKnownFileType = sourcecode.swift; path = Title.swift; sourceTree = "<group>"; };
		259210B52A931F7C00B12BC8 /* NetflixDownloadModel.xcdatamodel */ = {isa = PBXFileReference; lastKnownFileType = wrapper.xcdatamodel; path = NetflixDownloadModel.xcdatamodel; sourceTree = "<group>"; };
		259210B72A932F3100B12BC8 /* DataPersistenceManager.swift */ = {isa = PBXFileReference; lastKnownFileType = sourcecode.swift; path = DataPersistenceManager.swift; sourceTree = "<group>"; };
/* End PBXFileReference section */

/* Begin PBXFrameworksBuildPhase section */
		252ED9E62A781B78006656B2 /* Frameworks */ = {
			isa = PBXFrameworksBuildPhase;
			buildActionMask = 2147483647;
			files = (
				2541828D2A8CDEEB00FFD1F4 /* SDWebImageMapKit in Frameworks */,
				2541828B2A8CDEEB00FFD1F4 /* SDWebImage in Frameworks */,
			);
			runOnlyForDeploymentPostprocessing = 0;
		};
/* End PBXFrameworksBuildPhase section */

/* Begin PBXGroup section */
		250A73882A8E411600B5CD86 /* Core */ = {
			isa = PBXGroup;
			children = (
				252EDA012A7821E6006656B2 /* HomeViewController.swift */,
				252EDA032A7821FE006656B2 /* UpcomingViewController.swift */,
				252EDA052A78221D006656B2 /* SearchViewController.swift */,
				252EDA072A782235006656B2 /* DownloadsViewController.swift */,
				252ED9F02A781B78006656B2 /* MainTabBarViewController.swift */,
			);
			path = Core;
			sourceTree = "<group>";
		};
		250A73892A8E421E00B5CD86 /* General */ = {
			isa = PBXGroup;
			children = (
				250A738A2A8E423600B5CD86 /* SearchResultsViewController.swift */,
				250A738C2A907CC800B5CD86 /* TitlePreviewViewController.swift */,
			);
			path = General;
			sourceTree = "<group>";
		};
		250AE4752A814547001D4E7A /* ViewModels */ = {
			isa = PBXGroup;
			children = (
				250A73862A8E180F00B5CD86 /* TitleViewModel.swift */,
				250A73922A908E7200B5CD86 /* TitlePreviewViewModel.swift */,
			);
			path = ViewModels;
			sourceTree = "<group>";
		};
		250AE4762A814550001D4E7A /* Views */ = {
			isa = PBXGroup;
			children = (
				250AE47A2A814776001D4E7A /* CollectionViewTableViewCell.swift */,
				257619732A89267600547916 /* HeroHeaderView.swift */,
				2541828E2A8CDFDF00FFD1F4 /* TitleCollectionViewCell.swift */,
				250A73842A8E157700B5CD86 /* TitleTableViewCell.swift */,
			);
			path = Views;
			sourceTree = "<group>";
		};
		250AE4772A81455A001D4E7A /* Models */ = {
			isa = PBXGroup;
			children = (
				257619772A8A3F0500547916 /* Title.swift */,
				250A738E2A907F9C00B5CD86 /* YoutubeSearchResponse.swift */,
			);
			path = Models;
			sourceTree = "<group>";
		};
		250AE4782A814569001D4E7A /* Resources */ = {
			isa = PBXGroup;
			children = (
				250A73902A908CDF00B5CD86 /* Extensions.swift */,
				252ED9EC2A781B78006656B2 /* AppDelegate.swift */,
				252ED9EE2A781B78006656B2 /* SceneDelegate.swift */,
			);
			path = Resources;
			sourceTree = "<group>";
		};
		250AE4792A814572001D4E7A /* Managers */ = {
			isa = PBXGroup;
			children = (
				257619752A8A2BF400547916 /* APICaller.swift */,
				259210B72A932F3100B12BC8 /* DataPersistenceManager.swift */,
			);
			path = Managers;
			sourceTree = "<group>";
		};
		252ED9E02A781B78006656B2 = {
			isa = PBXGroup;
			children = (
				252ED9EB2A781B78006656B2 /* Netflix_dj */,
				252ED9EA2A781B78006656B2 /* Products */,
			);
			sourceTree = "<group>";
		};
		252ED9EA2A781B78006656B2 /* Products */ = {
			isa = PBXGroup;
			children = (
				252ED9E92A781B78006656B2 /* Netflix_dj.app */,
			);
			name = Products;
			sourceTree = "<group>";
		};
		252ED9EB2A781B78006656B2 /* Netflix_dj */ = {
			isa = PBXGroup;
			children = (
				250AE4792A814572001D4E7A /* Managers */,
				250AE4782A814569001D4E7A /* Resources */,
				250AE4772A81455A001D4E7A /* Models */,
				250AE4762A814550001D4E7A /* Views */,
				250AE4752A814547001D4E7A /* ViewModels */,
				252EDA002A7821D8006656B2 /* Controllers */,
				252ED9F52A781B7A006656B2 /* Assets.xcassets */,
				252ED9F72A781B7A006656B2 /* LaunchScreen.storyboard */,
				252ED9FA2A781B7A006656B2 /* Info.plist */,
				259210B42A931F7C00B12BC8 /* NetflixDownloadModel.xcdatamodeld */,
			);
			path = Netflix_dj;
			sourceTree = "<group>";
		};
		252EDA002A7821D8006656B2 /* Controllers */ = {
			isa = PBXGroup;
			children = (
				250A73892A8E421E00B5CD86 /* General */,
				250A73882A8E411600B5CD86 /* Core */,
			);
			path = Controllers;
			sourceTree = "<group>";
		};
/* End PBXGroup section */

/* Begin PBXNativeTarget section */
		252ED9E82A781B78006656B2 /* Netflix_dj */ = {
			isa = PBXNativeTarget;
			buildConfigurationList = 252ED9FD2A781B7A006656B2 /* Build configuration list for PBXNativeTarget "Netflix_dj" */;
			buildPhases = (
				252ED9E52A781B78006656B2 /* Sources */,
				252ED9E62A781B78006656B2 /* Frameworks */,
				252ED9E72A781B78006656B2 /* Resources */,
			);
			buildRules = (
			);
			dependencies = (
			);
			name = Netflix_dj;
			packageProductDependencies = (
				2541828A2A8CDEEB00FFD1F4 /* SDWebImage */,
				2541828C2A8CDEEB00FFD1F4 /* SDWebImageMapKit */,
			);
			productName = Netflix_dj;
			productReference = 252ED9E92A781B78006656B2 /* Netflix_dj.app */;
			productType = "com.apple.product-type.application";
		};
/* End PBXNativeTarget section */

/* Begin PBXProject section */
		252ED9E12A781B78006656B2 /* Project object */ = {
			isa = PBXProject;
			attributes = {
				BuildIndependentTargetsInParallel = 1;
				LastSwiftUpdateCheck = 1400;
				LastUpgradeCheck = 1400;
				TargetAttributes = {
					252ED9E82A781B78006656B2 = {
						CreatedOnToolsVersion = 14.0;
					};
				};
			};
			buildConfigurationList = 252ED9E42A781B78006656B2 /* Build configuration list for PBXProject "Netflix_dj" */;
			compatibilityVersion = "Xcode 14.0";
			developmentRegion = en;
			hasScannedForEncodings = 0;
			knownRegions = (
				en,
				Base,
			);
			mainGroup = 252ED9E02A781B78006656B2;
			packageReferences = (
				254182892A8CDEEB00FFD1F4 /* XCRemoteSwiftPackageReference "SDWebImage" */,
			);
			productRefGroup = 252ED9EA2A781B78006656B2 /* Products */;
			projectDirPath = "";
			projectRoot = "";
			targets = (
				252ED9E82A781B78006656B2 /* Netflix_dj */,
			);
		};
/* End PBXProject section */

/* Begin PBXResourcesBuildPhase section */
		252ED9E72A781B78006656B2 /* Resources */ = {
			isa = PBXResourcesBuildPhase;
			buildActionMask = 2147483647;
			files = (
				252ED9F92A781B7A006656B2 /* LaunchScreen.storyboard in Resources */,
				252ED9F62A781B7A006656B2 /* Assets.xcassets in Resources */,
			);
			runOnlyForDeploymentPostprocessing = 0;
		};
/* End PBXResourcesBuildPhase section */

/* Begin PBXSourcesBuildPhase section */
		252ED9E52A781B78006656B2 /* Sources */ = {
			isa = PBXSourcesBuildPhase;
			buildActionMask = 2147483647;
			files = (
				252EDA062A78221D006656B2 /* SearchViewController.swift in Sources */,
				250A73912A908CDF00B5CD86 /* Extensions.swift in Sources */,
				252ED9F12A781B78006656B2 /* MainTabBarViewController.swift in Sources */,
				259210B82A932F3100B12BC8 /* DataPersistenceManager.swift in Sources */,
				250A73852A8E157700B5CD86 /* TitleTableViewCell.swift in Sources */,
				250AE47B2A814776001D4E7A /* CollectionViewTableViewCell.swift in Sources */,
				250A738B2A8E423600B5CD86 /* SearchResultsViewController.swift in Sources */,
				257619762A8A2BF400547916 /* APICaller.swift in Sources */,
				252EDA082A782235006656B2 /* DownloadsViewController.swift in Sources */,
				257619742A89267600547916 /* HeroHeaderView.swift in Sources */,
				252ED9ED2A781B78006656B2 /* AppDelegate.swift in Sources */,
				252ED9EF2A781B78006656B2 /* SceneDelegate.swift in Sources */,
				252EDA042A7821FE006656B2 /* UpcomingViewController.swift in Sources */,
				250A738F2A907F9C00B5CD86 /* YoutubeSearchResponse.swift in Sources */,
				250A73932A908E7200B5CD86 /* TitlePreviewViewModel.swift in Sources */,
				2541828F2A8CDFDF00FFD1F4 /* TitleCollectionViewCell.swift in Sources */,
				250A738D2A907CC800B5CD86 /* TitlePreviewViewController.swift in Sources */,
				259210B62A931F7C00B12BC8 /* NetflixDownloadModel.xcdatamodeld in Sources */,
				250A73872A8E180F00B5CD86 /* TitleViewModel.swift in Sources */,
				257619782A8A3F0500547916 /* Title.swift in Sources */,
				252EDA022A7821E6006656B2 /* HomeViewController.swift in Sources */,
			);
			runOnlyForDeploymentPostprocessing = 0;
		};
/* End PBXSourcesBuildPhase section */

/* Begin PBXVariantGroup section */
		252ED9F72A781B7A006656B2 /* LaunchScreen.storyboard */ = {
			isa = PBXVariantGroup;
			children = (
				252ED9F82A781B7A006656B2 /* Base */,
			);
			name = LaunchScreen.storyboard;
			sourceTree = "<group>";
		};
/* End PBXVariantGroup section */

/* Begin XCBuildConfiguration section */
		252ED9FB2A781B7A006656B2 /* Debug */ = {
			isa = XCBuildConfiguration;
			buildSettings = {
				ALWAYS_SEARCH_USER_PATHS = NO;
				CLANG_ANALYZER_NONNULL = YES;
				CLANG_ANALYZER_NUMBER_OBJECT_CONVERSION = YES_AGGRESSIVE;
				CLANG_CXX_LANGUAGE_STANDARD = "gnu++20";
				CLANG_ENABLE_MODULES = YES;
				CLANG_ENABLE_OBJC_ARC = YES;
				CLANG_ENABLE_OBJC_WEAK = YES;
				CLANG_WARN_BLOCK_CAPTURE_AUTORELEASING = YES;
				CLANG_WARN_BOOL_CONVERSION = YES;
				CLANG_WARN_COMMA = YES;
				CLANG_WARN_CONSTANT_CONVERSION = YES;
				CLANG_WARN_DEPRECATED_OBJC_IMPLEMENTATIONS = YES;
				CLANG_WARN_DIRECT_OBJC_ISA_USAGE = YES_ERROR;
				CLANG_WARN_DOCUMENTATION_COMMENTS = YES;
				CLANG_WARN_EMPTY_BODY = YES;
				CLANG_WARN_ENUM_CONVERSION = YES;
				CLANG_WARN_INFINITE_RECURSION = YES;
				CLANG_WARN_INT_CONVERSION = YES;
				CLANG_WARN_NON_LITERAL_NULL_CONVERSION = YES;
				CLANG_WARN_OBJC_IMPLICIT_RETAIN_SELF = YES;
				CLANG_WARN_OBJC_LITERAL_CONVERSION = YES;
				CLANG_WARN_OBJC_ROOT_CLASS = YES_ERROR;
				CLANG_WARN_QUOTED_INCLUDE_IN_FRAMEWORK_HEADER = YES;
				CLANG_WARN_RANGE_LOOP_ANALYSIS = YES;
				CLANG_WARN_STRICT_PROTOTYPES = YES;
				CLANG_WARN_SUSPICIOUS_MOVE = YES;
				CLANG_WARN_UNGUARDED_AVAILABILITY = YES_AGGRESSIVE;
				CLANG_WARN_UNREACHABLE_CODE = YES;
				CLANG_WARN__DUPLICATE_METHOD_MATCH = YES;
				COPY_PHASE_STRIP = NO;
				DEBUG_INFORMATION_FORMAT = dwarf;
				ENABLE_STRICT_OBJC_MSGSEND = YES;
				ENABLE_TESTABILITY = YES;
				GCC_C_LANGUAGE_STANDARD = gnu11;
				GCC_DYNAMIC_NO_PIC = NO;
				GCC_NO_COMMON_BLOCKS = YES;
				GCC_OPTIMIZATION_LEVEL = 0;
				GCC_PREPROCESSOR_DEFINITIONS = (
					"DEBUG=1",
					"$(inherited)",
				);
				GCC_WARN_64_TO_32_BIT_CONVERSION = YES;
				GCC_WARN_ABOUT_RETURN_TYPE = YES_ERROR;
				GCC_WARN_UNDECLARED_SELECTOR = YES;
				GCC_WARN_UNINITIALIZED_AUTOS = YES_AGGRESSIVE;
				GCC_WARN_UNUSED_FUNCTION = YES;
				GCC_WARN_UNUSED_VARIABLE = YES;
				IPHONEOS_DEPLOYMENT_TARGET = 16.0;
				MTL_ENABLE_DEBUG_INFO = INCLUDE_SOURCE;
				MTL_FAST_MATH = YES;
				ONLY_ACTIVE_ARCH = YES;
				SDKROOT = iphoneos;
				SWIFT_ACTIVE_COMPILATION_CONDITIONS = DEBUG;
				SWIFT_OPTIMIZATION_LEVEL = "-Onone";
			};
			name = Debug;
		};
		252ED9FC2A781B7A006656B2 /* Release */ = {
			isa = XCBuildConfiguration;
			buildSettings = {
				ALWAYS_SEARCH_USER_PATHS = NO;
				CLANG_ANALYZER_NONNULL = YES;
				CLANG_ANALYZER_NUMBER_OBJECT_CONVERSION = YES_AGGRESSIVE;
				CLANG_CXX_LANGUAGE_STANDARD = "gnu++20";
				CLANG_ENABLE_MODULES = YES;
				CLANG_ENABLE_OBJC_ARC = YES;
				CLANG_ENABLE_OBJC_WEAK = YES;
				CLANG_WARN_BLOCK_CAPTURE_AUTORELEASING = YES;
				CLANG_WARN_BOOL_CONVERSION = YES;
				CLANG_WARN_COMMA = YES;
				CLANG_WARN_CONSTANT_CONVERSION = YES;
				CLANG_WARN_DEPRECATED_OBJC_IMPLEMENTATIONS = YES;
				CLANG_WARN_DIRECT_OBJC_ISA_USAGE = YES_ERROR;
				CLANG_WARN_DOCUMENTATION_COMMENTS = YES;
				CLANG_WARN_EMPTY_BODY = YES;
				CLANG_WARN_ENUM_CONVERSION = YES;
				CLANG_WARN_INFINITE_RECURSION = YES;
				CLANG_WARN_INT_CONVERSION = YES;
				CLANG_WARN_NON_LITERAL_NULL_CONVERSION = YES;
				CLANG_WARN_OBJC_IMPLICIT_RETAIN_SELF = YES;
				CLANG_WARN_OBJC_LITERAL_CONVERSION = YES;
				CLANG_WARN_OBJC_ROOT_CLASS = YES_ERROR;
				CLANG_WARN_QUOTED_INCLUDE_IN_FRAMEWORK_HEADER = YES;
				CLANG_WARN_RANGE_LOOP_ANALYSIS = YES;
				CLANG_WARN_STRICT_PROTOTYPES = YES;
				CLANG_WARN_SUSPICIOUS_MOVE = YES;
				CLANG_WARN_UNGUARDED_AVAILABILITY = YES_AGGRESSIVE;
				CLANG_WARN_UNREACHABLE_CODE = YES;
				CLANG_WARN__DUPLICATE_METHOD_MATCH = YES;
				COPY_PHASE_STRIP = NO;
				DEBUG_INFORMATION_FORMAT = "dwarf-with-dsym";
				ENABLE_NS_ASSERTIONS = NO;
				ENABLE_STRICT_OBJC_MSGSEND = YES;
				GCC_C_LANGUAGE_STANDARD = gnu11;
				GCC_NO_COMMON_BLOCKS = YES;
				GCC_WARN_64_TO_32_BIT_CONVERSION = YES;
				GCC_WARN_ABOUT_RETURN_TYPE = YES_ERROR;
				GCC_WARN_UNDECLARED_SELECTOR = YES;
				GCC_WARN_UNINITIALIZED_AUTOS = YES_AGGRESSIVE;
				GCC_WARN_UNUSED_FUNCTION = YES;
				GCC_WARN_UNUSED_VARIABLE = YES;
				IPHONEOS_DEPLOYMENT_TARGET = 16.0;
				MTL_ENABLE_DEBUG_INFO = NO;
				MTL_FAST_MATH = YES;
				SDKROOT = iphoneos;
				SWIFT_COMPILATION_MODE = wholemodule;
				SWIFT_OPTIMIZATION_LEVEL = "-O";
				VALIDATE_PRODUCT = YES;
			};
			name = Release;
		};
		252ED9FE2A781B7A006656B2 /* Debug */ = {
			isa = XCBuildConfiguration;
			buildSettings = {
				ASSETCATALOG_COMPILER_APPICON_NAME = AppIcon;
				ASSETCATALOG_COMPILER_GLOBAL_ACCENT_COLOR_NAME = AccentColor;
				CODE_SIGN_STYLE = Automatic;
				CURRENT_PROJECT_VERSION = 1;
				DEVELOPMENT_TEAM = F49PTZF8DC;
				GENERATE_INFOPLIST_FILE = YES;
				INFOPLIST_FILE = Netflix_dj/Info.plist;
				INFOPLIST_KEY_UIApplicationSupportsIndirectInputEvents = YES;
				INFOPLIST_KEY_UILaunchStoryboardName = LaunchScreen;
				INFOPLIST_KEY_UIStatusBarStyle = "";
				INFOPLIST_KEY_UISupportedInterfaceOrientations_iPad = "UIInterfaceOrientationPortrait UIInterfaceOrientationPortraitUpsideDown UIInterfaceOrientationLandscapeLeft UIInterfaceOrientationLandscapeRight";
				INFOPLIST_KEY_UISupportedInterfaceOrientations_iPhone = "UIInterfaceOrientationPortrait UIInterfaceOrientationLandscapeLeft UIInterfaceOrientationLandscapeRight";
				"INFOPLIST_KEY_UIUserInterfaceStyle[sdk=*]" = Dark;
				LD_RUNPATH_SEARCH_PATHS = (
					"$(inherited)",
					"@executable_path/Frameworks",
				);
				MARKETING_VERSION = 1.0;
				PRODUCT_BUNDLE_IDENTIFIER = "com.djLearning.dj.Netflix-dj";
				PRODUCT_NAME = "$(TARGET_NAME)";
				SWIFT_EMIT_LOC_STRINGS = YES;
				SWIFT_VERSION = 5.0;
				TARGETED_DEVICE_FAMILY = "1,2";
			};
			name = Debug;
		};
		252ED9FF2A781B7A006656B2 /* Release */ = {
			isa = XCBuildConfiguration;
			buildSettings = {
				ASSETCATALOG_COMPILER_APPICON_NAME = AppIcon;
				ASSETCATALOG_COMPILER_GLOBAL_ACCENT_COLOR_NAME = AccentColor;
				CODE_SIGN_STYLE = Automatic;
				CURRENT_PROJECT_VERSION = 1;
				DEVELOPMENT_TEAM = F49PTZF8DC;
				GENERATE_INFOPLIST_FILE = YES;
				INFOPLIST_FILE = Netflix_dj/Info.plist;
				INFOPLIST_KEY_UIApplicationSupportsIndirectInputEvents = YES;
				INFOPLIST_KEY_UILaunchStoryboardName = LaunchScreen;
				INFOPLIST_KEY_UIStatusBarStyle = "";
				INFOPLIST_KEY_UISupportedInterfaceOrientations_iPad = "UIInterfaceOrientationPortrait UIInterfaceOrientationPortraitUpsideDown UIInterfaceOrientationLandscapeLeft UIInterfaceOrientationLandscapeRight";
				INFOPLIST_KEY_UISupportedInterfaceOrientations_iPhone = "UIInterfaceOrientationPortrait UIInterfaceOrientationLandscapeLeft UIInterfaceOrientationLandscapeRight";
				LD_RUNPATH_SEARCH_PATHS = (
					"$(inherited)",
					"@executable_path/Frameworks",
				);
				MARKETING_VERSION = 1.0;
				PRODUCT_BUNDLE_IDENTIFIER = "com.djLearning.dj.Netflix-dj";
				PRODUCT_NAME = "$(TARGET_NAME)";
				SWIFT_EMIT_LOC_STRINGS = YES;
				SWIFT_VERSION = 5.0;
				TARGETED_DEVICE_FAMILY = "1,2";
			};
			name = Release;
		};
/* End XCBuildConfiguration section */

/* Begin XCConfigurationList section */
		252ED9E42A781B78006656B2 /* Build configuration list for PBXProject "Netflix_dj" */ = {
			isa = XCConfigurationList;
			buildConfigurations = (
				252ED9FB2A781B7A006656B2 /* Debug */,
				252ED9FC2A781B7A006656B2 /* Release */,
			);
			defaultConfigurationIsVisible = 0;
			defaultConfigurationName = Release;
		};
		252ED9FD2A781B7A006656B2 /* Build configuration list for PBXNativeTarget "Netflix_dj" */ = {
			isa = XCConfigurationList;
			buildConfigurations = (
				252ED9FE2A781B7A006656B2 /* Debug */,
				252ED9FF2A781B7A006656B2 /* Release */,
			);
			defaultConfigurationIsVisible = 0;
			defaultConfigurationName = Release;
		};
/* End XCConfigurationList section */

/* Begin XCRemoteSwiftPackageReference section */
		254182892A8CDEEB00FFD1F4 /* XCRemoteSwiftPackageReference "SDWebImage" */ = {
			isa = XCRemoteSwiftPackageReference;
			repositoryURL = "https://github.com/SDWebImage/SDWebImage.git";
			requirement = {
				branch = master;
				kind = branch;
			};
		};
/* End XCRemoteSwiftPackageReference section */

/* Begin XCSwiftPackageProductDependency section */
		2541828A2A8CDEEB00FFD1F4 /* SDWebImage */ = {
			isa = XCSwiftPackageProductDependency;
			package = 254182892A8CDEEB00FFD1F4 /* XCRemoteSwiftPackageReference "SDWebImage" */;
			productName = SDWebImage;
		};
		2541828C2A8CDEEB00FFD1F4 /* SDWebImageMapKit */ = {
			isa = XCSwiftPackageProductDependency;
			package = 254182892A8CDEEB00FFD1F4 /* XCRemoteSwiftPackageReference "SDWebImage" */;
			productName = SDWebImageMapKit;
		};
/* End XCSwiftPackageProductDependency section */

/* Begin XCVersionGroup section */
		259210B42A931F7C00B12BC8 /* NetflixDownloadModel.xcdatamodeld */ = {
			isa = XCVersionGroup;
			children = (
				259210B52A931F7C00B12BC8 /* NetflixDownloadModel.xcdatamodel */,
			);
			currentVersion = 259210B52A931F7C00B12BC8 /* NetflixDownloadModel.xcdatamodel */;
			path = NetflixDownloadModel.xcdatamodeld;
			sourceTree = "<group>";
			versionGroupType = wrapper.xcdatamodel;
		};
/* End XCVersionGroup section */
	};
	rootObject = 252ED9E12A781B78006656B2 /* Project object */;
}
